
Microsoft Visual Studio Solution File, Format Version 12.00
# Visual Studio Version 17
VisualStudioVersion = 17.9.34723.18
MinimumVisualStudioVersion = 10.0.40219.1
Project("{8BC9CEB8-8B4A-11D0-8D11-00A0C91BC942}") = "Sem.08_Ex1_isEven", "Sem.08_Ex1_isEven\Sem.08_Ex1_isEven.vcxproj", "{DAD95E7A-7449-4247-82EA-9D059AE0BC74}"
EndProject
Project("{8BC9CEB8-8B4A-11D0-8D11-00A0C91BC942}") = "Sem.08_Ex2_Power", "Sem.08_Ex2_Power\Sem.08_Ex2_Power.vcxproj", "{1F92ED4E-A07B-42D5-B858-4D6338E9B303}"
EndProject
Project("{8BC9CEB8-8B4A-11D0-8D11-00A0C91BC942}") = "Sem.08_Ex3_SetBitTo0", "Sem.08_Ex3_SetBitTo0\Sem.08_Ex3_SetBitTo0.vcxproj", "{BA9F8AD0-3648-443A-B753-1AC53A7117ED}"
EndProject
Project("{8BC9CEB8-8B4A-11D0-8D11-00A0C91BC942}") = "Sem.08_Ex4_SetBitToOne", "Sem.08_Ex4_SetBitToOne\Sem.08_Ex4_SetBitToOne.vcxproj", "{BFAD0A9F-1725-47BF-9A6C-13CE9CA0CC0D}"
EndProject
Project("{8BC9CEB8-8B4A-11D0-8D11-00A0C91BC942}") = "Sem.08_Ex5_ReturnABit", "Sem.08_Ex5_ReturnABit\Sem.08_Ex5_ReturnABit.vcxproj", "{E98E829A-A10B-4596-B396-BCA748EBCB1C}"
EndProject
Project("{8BC9CEB8-8B4A-11D0-8D11-00A0C91BC942}") = "Sem.08_Ex6_InputAValueToBit", "Sem.08_Ex6_InputAValueToBit\Sem.08_Ex6_InputAValueToBit.vcxproj", "{23494B72-DCF3-4714-BFF9-8BE493A1B970}"
EndProject
Project("{8BC9CEB8-8B4A-11D0-8D11-00A0C91BC942}") = "HW.08_Ex1", "HW.08_Ex1\HW.08_Ex1.vcxproj", "{603003F6-0EE6-404F-B76A-F16D2E8C5B4B}"
EndProject
Project("{8BC9CEB8-8B4A-11D0-8D11-00A0C91BC942}") = "HW.08_Ex2", "HW.08_Ex2\HW.08_Ex2.vcxproj", "{577E3D0A-195B-4B14-B88A-752CBA96C04E}"
EndProject
Project("{8BC9CEB8-8B4A-11D0-8D11-00A0C91BC942}") = "HW.08_Ex3", "HW.08_Ex3\HW.08_Ex3.vcxproj", "{424F6C8D-85FB-48FE-A343-1D5A4202405B}"
EndProject
Project("{8BC9CEB8-8B4A-11D0-8D11-00A0C91BC942}") = "Sem.08_Ex4", "Sem.08_Ex4\Sem.08_Ex4.vcxproj", "{39F75FE1-78BA-42AC-88BA-529D9C8F6101}"
EndProject
Project("{8BC9CEB8-8B4A-11D0-8D11-00A0C91BC942}") = "Sem.08_Ex5", "Sem.08_Ex5\Sem.08_Ex5.vcxproj", "{9E092742-4CAD-4086-A6A4-AB7E549DB820}"
EndProject
Project("{8BC9CEB8-8B4A-11D0-8D11-00A0C91BC942}") = "Sem.08_Ex6", "Sem.08_Ex6\Sem.08_Ex6.vcxproj", "{7868CCEB-5930-4326-9016-BB84D9F4FE98}"
EndProject
Global
	GlobalSection(SolutionConfigurationPlatforms) = preSolution
		Debug|x64 = Debug|x64
		Debug|x86 = Debug|x86
		Release|x64 = Release|x64
		Release|x86 = Release|x86
	EndGlobalSection
	GlobalSection(ProjectConfigurationPlatforms) = postSolution
		{DAD95E7A-7449-4247-82EA-9D059AE0BC74}.Debug|x64.ActiveCfg = Debug|x64
		{DAD95E7A-7449-4247-82EA-9D059AE0BC74}.Debug|x64.Build.0 = Debug|x64
		{DAD95E7A-7449-4247-82EA-9D059AE0BC74}.Debug|x86.ActiveCfg = Debug|Win32
		{DAD95E7A-7449-4247-82EA-9D059AE0BC74}.Debug|x86.Build.0 = Debug|Win32
		{DAD95E7A-7449-4247-82EA-9D059AE0BC74}.Release|x64.ActiveCfg = Release|x64
		{DAD95E7A-7449-4247-82EA-9D059AE0BC74}.Release|x64.Build.0 = Release|x64
		{DAD95E7A-7449-4247-82EA-9D059AE0BC74}.Release|x86.ActiveCfg = Release|Win32
		{DAD95E7A-7449-4247-82EA-9D059AE0BC74}.Release|x86.Build.0 = Release|Win32
		{1F92ED4E-A07B-42D5-B858-4D6338E9B303}.Debug|x64.ActiveCfg = Debug|x64
		{1F92ED4E-A07B-42D5-B858-4D6338E9B303}.Debug|x64.Build.0 = Debug|x64
		{1F92ED4E-A07B-42D5-B858-4D6338E9B303}.Debug|x86.ActiveCfg = Debug|Win32
		{1F92ED4E-A07B-42D5-B858-4D6338E9B303}.Debug|x86.Build.0 = Debug|Win32
		{1F92ED4E-A07B-42D5-B858-4D6338E9B303}.Release|x64.ActiveCfg = Release|x64
		{1F92ED4E-A07B-42D5-B858-4D6338E9B303}.Release|x64.Build.0 = Release|x64
		{1F92ED4E-A07B-42D5-B858-4D6338E9B303}.Release|x86.ActiveCfg = Release|Win32
		{1F92ED4E-A07B-42D5-B858-4D6338E9B303}.Release|x86.Build.0 = Release|Win32
		{BA9F8AD0-3648-443A-B753-1AC53A7117ED}.Debug|x64.ActiveCfg = Debug|x64
		{BA9F8AD0-3648-443A-B753-1AC53A7117ED}.Debug|x64.Build.0 = Debug|x64
		{BA9F8AD0-3648-443A-B753-1AC53A7117ED}.Debug|x86.ActiveCfg = Debug|Win32
		{BA9F8AD0-3648-443A-B753-1AC53A7117ED}.Debug|x86.Build.0 = Debug|Win32
		{BA9F8AD0-3648-443A-B753-1AC53A7117ED}.Release|x64.ActiveCfg = Release|x64
		{BA9F8AD0-3648-443A-B753-1AC53A7117ED}.Release|x64.Build.0 = Release|x64
		{BA9F8AD0-3648-443A-B753-1AC53A7117ED}.Release|x86.ActiveCfg = Release|Win32
		{BA9F8AD0-3648-443A-B753-1AC53A7117ED}.Release|x86.Build.0 = Release|Win32
		{BFAD0A9F-1725-47BF-9A6C-13CE9CA0CC0D}.Debug|x64.ActiveCfg = Debug|x64
		{BFAD0A9F-1725-47BF-9A6C-13CE9CA0CC0D}.Debug|x64.Build.0 = Debug|x64
		{BFAD0A9F-1725-47BF-9A6C-13CE9CA0CC0D}.Debug|x86.ActiveCfg = Debug|Win32
		{BFAD0A9F-1725-47BF-9A6C-13CE9CA0CC0D}.Debug|x86.Build.0 = Debug|Win32
		{BFAD0A9F-1725-47BF-9A6C-13CE9CA0CC0D}.Release|x64.ActiveCfg = Release|x64
		{BFAD0A9F-1725-47BF-9A6C-13CE9CA0CC0D}.Release|x64.Build.0 = Release|x64
		{BFAD0A9F-1725-47BF-9A6C-13CE9CA0CC0D}.Release|x86.ActiveCfg = Release|Win32
		{BFAD0A9F-1725-47BF-9A6C-13CE9CA0CC0D}.Release|x86.Build.0 = Release|Win32
		{E98E829A-A10B-4596-B396-BCA748EBCB1C}.Debug|x64.ActiveCfg = Debug|x64
		{E98E829A-A10B-4596-B396-BCA748EBCB1C}.Debug|x64.Build.0 = Debug|x64
		{E98E829A-A10B-4596-B396-BCA748EBCB1C}.Debug|x86.ActiveCfg = Debug|Win32
		{E98E829A-A10B-4596-B396-BCA748EBCB1C}.Debug|x86.Build.0 = Debug|Win32
		{E98E829A-A10B-4596-B396-BCA748EBCB1C}.Release|x64.ActiveCfg = Release|x64
		{E98E829A-A10B-4596-B396-BCA748EBCB1C}.Release|x64.Build.0 = Release|x64
		{E98E829A-A10B-4596-B396-BCA748EBCB1C}.Release|x86.ActiveCfg = Release|Win32
		{E98E829A-A10B-4596-B396-BCA748EBCB1C}.Release|x86.Build.0 = Release|Win32
		{23494B72-DCF3-4714-BFF9-8BE493A1B970}.Debug|x64.ActiveCfg = Debug|x64
		{23494B72-DCF3-4714-BFF9-8BE493A1B970}.Debug|x64.Build.0 = Debug|x64
		{23494B72-DCF3-4714-BFF9-8BE493A1B970}.Debug|x86.ActiveCfg = Debug|Win32
		{23494B72-DCF3-4714-BFF9-8BE493A1B970}.Debug|x86.Build.0 = Debug|Win32
		{23494B72-DCF3-4714-BFF9-8BE493A1B970}.Release|x64.ActiveCfg = Release|x64
		{23494B72-DCF3-4714-BFF9-8BE493A1B970}.Release|x64.Build.0 = Release|x64
		{23494B72-DCF3-4714-BFF9-8BE493A1B970}.Release|x86.ActiveCfg = Release|Win32
		{23494B72-DCF3-4714-BFF9-8BE493A1B970}.Release|x86.Build.0 = Release|Win32
		{603003F6-0EE6-404F-B76A-F16D2E8C5B4B}.Debug|x64.ActiveCfg = Debug|x64
		{603003F6-0EE6-404F-B76A-F16D2E8C5B4B}.Debug|x64.Build.0 = Debug|x64
		{603003F6-0EE6-404F-B76A-F16D2E8C5B4B}.Debug|x86.ActiveCfg = Debug|Win32
		{603003F6-0EE6-404F-B76A-F16D2E8C5B4B}.Debug|x86.Build.0 = Debug|Win32
		{603003F6-0EE6-404F-B76A-F16D2E8C5B4B}.Release|x64.ActiveCfg = Release|x64
		{603003F6-0EE6-404F-B76A-F16D2E8C5B4B}.Release|x64.Build.0 = Release|x64
		{603003F6-0EE6-404F-B76A-F16D2E8C5B4B}.Release|x86.ActiveCfg = Release|Win32
		{603003F6-0EE6-404F-B76A-F16D2E8C5B4B}.Release|x86.Build.0 = Release|Win32
		{577E3D0A-195B-4B14-B88A-752CBA96C04E}.Debug|x64.ActiveCfg = Debug|x64
		{577E3D0A-195B-4B14-B88A-752CBA96C04E}.Debug|x64.Build.0 = Debug|x64
		{577E3D0A-195B-4B14-B88A-752CBA96C04E}.Debug|x86.ActiveCfg = Debug|Win32
		{577E3D0A-195B-4B14-B88A-752CBA96C04E}.Debug|x86.Build.0 = Debug|Win32
		{577E3D0A-195B-4B14-B88A-752CBA96C04E}.Release|x64.ActiveCfg = Release|x64
		{577E3D0A-195B-4B14-B88A-752CBA96C04E}.Release|x64.Build.0 = Release|x64
		{577E3D0A-195B-4B14-B88A-752CBA96C04E}.Release|x86.ActiveCfg = Release|Win32
		{577E3D0A-195B-4B14-B88A-752CBA96C04E}.Release|x86.Build.0 = Release|Win32
		{424F6C8D-85FB-48FE-A343-1D5A4202405B}.Debug|x64.ActiveCfg = Debug|x64
		{424F6C8D-85FB-48FE-A343-1D5A4202405B}.Debug|x64.Build.0 = Debug|x64
		{424F6C8D-85FB-48FE-A343-1D5A4202405B}.Debug|x86.ActiveCfg = Debug|Win32
		{424F6C8D-85FB-48FE-A343-1D5A4202405B}.Debug|x86.Build.0 = Debug|Win32
		{424F6C8D-85FB-48FE-A343-1D5A4202405B}.Release|x64.ActiveCfg = Release|x64
		{424F6C8D-85FB-48FE-A343-1D5A4202405B}.Release|x64.Build.0 = Release|x64
		{424F6C8D-85FB-48FE-A343-1D5A4202405B}.Release|x86.ActiveCfg = Release|Win32
		{424F6C8D-85FB-48FE-A343-1D5A4202405B}.Release|x86.Build.0 = Release|Win32
		{39F75FE1-78BA-42AC-88BA-529D9C8F6101}.Debug|x64.ActiveCfg = Debug|x64
		{39F75FE1-78BA-42AC-88BA-529D9C8F6101}.Debug|x64.Build.0 = Debug|x64
		{39F75FE1-78BA-42AC-88BA-529D9C8F6101}.Debug|x86.ActiveCfg = Debug|Win32
		{39F75FE1-78BA-42AC-88BA-529D9C8F6101}.Debug|x86.Build.0 = Debug|Win32
		{39F75FE1-78BA-42AC-88BA-529D9C8F6101}.Release|x64.ActiveCfg = Release|x64
		{39F75FE1-78BA-42AC-88BA-529D9C8F6101}.Release|x64.Build.0 = Release|x64
		{39F75FE1-78BA-42AC-88BA-529D9C8F6101}.Release|x86.ActiveCfg = Release|Win32
		{39F75FE1-78BA-42AC-88BA-529D9C8F6101}.Release|x86.Build.0 = Release|Win32
		{9E092742-4CAD-4086-A6A4-AB7E549DB820}.Debug|x64.ActiveCfg = Debug|x64
		{9E092742-4CAD-4086-A6A4-AB7E549DB820}.Debug|x64.Build.0 = Debug|x64
		{9E092742-4CAD-4086-A6A4-AB7E549DB820}.Debug|x86.ActiveCfg = Debug|Win32
		{9E092742-4CAD-4086-A6A4-AB7E549DB820}.Debug|x86.Build.0 = Debug|Win32
		{9E092742-4CAD-4086-A6A4-AB7E549DB820}.Release|x64.ActiveCfg = Release|x64
		{9E092742-4CAD-4086-A6A4-AB7E549DB820}.Release|x64.Build.0 = Release|x64
		{9E092742-4CAD-4086-A6A4-AB7E549DB820}.Release|x86.ActiveCfg = Release|Win32
		{9E092742-4CAD-4086-A6A4-AB7E549DB820}.Release|x86.Build.0 = Release|Win32
		{7868CCEB-5930-4326-9016-BB84D9F4FE98}.Debug|x64.ActiveCfg = Debug|x64
		{7868CCEB-5930-4326-9016-BB84D9F4FE98}.Debug|x64.Build.0 = Debug|x64
		{7868CCEB-5930-4326-9016-BB84D9F4FE98}.Debug|x86.ActiveCfg = Debug|Win32
		{7868CCEB-5930-4326-9016-BB84D9F4FE98}.Debug|x86.Build.0 = Debug|Win32
		{7868CCEB-5930-4326-9016-BB84D9F4FE98}.Release|x64.ActiveCfg = Release|x64
		{7868CCEB-5930-4326-9016-BB84D9F4FE98}.Release|x64.Build.0 = Release|x64
		{7868CCEB-5930-4326-9016-BB84D9F4FE98}.Release|x86.ActiveCfg = Release|Win32
		{7868CCEB-5930-4326-9016-BB84D9F4FE98}.Release|x86.Build.0 = Release|Win32
	EndGlobalSection
	GlobalSection(SolutionProperties) = preSolution
		HideSolutionNode = FALSE
	EndGlobalSection
	GlobalSection(ExtensibilityGlobals) = postSolution
		SolutionGuid = {76F8880D-5D72-4687-B202-970B8A95A4C4}
	EndGlobalSection
EndGlobal
