
Microsoft Visual Studio Solution File, Format Version 12.00
# Visual Studio Version 17
VisualStudioVersion = 17.7.34202.233
MinimumVisualStudioVersion = 10.0.40219.1
Project("{8BC9CEB8-8B4A-11D0-8D11-00A0C91BC942}") = "SumOfTwoNumbers_Ex1", "SumOfTwoNumbers_Ex1\SumOfTwoNumbers_Ex1.vcxproj", "{159380A1-9DD1-4D9C-B189-16D47B455B5A}"
EndProject
Project("{8BC9CEB8-8B4A-11D0-8D11-00A0C91BC942}") = "EvenNumber_Ex2", "EvenNumber_Ex2\EvenNumber_Ex2.vcxproj", "{33EF805B-9711-4D28-8331-295657FB87A9}"
EndProject
Project("{8BC9CEB8-8B4A-11D0-8D11-00A0C91BC942}") = "PositiveOrNegative_Ex3", "PositiveOrNegative_Ex3\PositiveOrNegative_Ex3.vcxproj", "{2F47F602-3FB6-4A29-81A6-D6DB6619DCAC}"
EndProject
Project("{8BC9CEB8-8B4A-11D0-8D11-00A0C91BC942}") = "AbsAndFabs_Ex4", "AbsAndFabs_Ex4\AbsAndFabs_Ex4.vcxproj", "{4502BA80-3788-4E0A-8209-6351BBB1DBD0}"
EndProject
Project("{8BC9CEB8-8B4A-11D0-8D11-00A0C91BC942}") = "PrintingNTimes_Ex5", "PrintingNTimes_Ex5\PrintingNTimes_Ex5.vcxproj", "{89642A76-4078-43F7-896B-A811512C5CC6}"
EndProject
Project("{8BC9CEB8-8B4A-11D0-8D11-00A0C91BC942}") = "CheckForUpperCase_", "CheckForUpperCase_\CheckForUpperCase_.vcxproj", "{F0C7BC0A-568A-41F1-AF36-918324F75E1E}"
EndProject
Project("{8BC9CEB8-8B4A-11D0-8D11-00A0C91BC942}") = "CheckNumber_", "CheckNumber_\CheckNumber_.vcxproj", "{08A83A56-3200-4A4D-B491-FE5D69A1003B}"
EndProject
Project("{8BC9CEB8-8B4A-11D0-8D11-00A0C91BC942}") = "PowerNumber_Ex8", "PowerNumber_Ex8\PowerNumber_Ex8.vcxproj", "{0BEDDA14-7E44-407A-83FC-A3C2B04F5203}"
EndProject
Project("{8BC9CEB8-8B4A-11D0-8D11-00A0C91BC942}") = "Calculation_Ex9", "Calculation_Ex9\Calculation_Ex9.vcxproj", "{6B528771-8722-4C7D-ABAB-FE1013F62B5E}"
EndProject
Project("{8BC9CEB8-8B4A-11D0-8D11-00A0C91BC942}") = "NumberInBinary_Ex10", "NumberInBinary_Ex10\NumberInBinary_Ex10.vcxproj", "{157ADFE0-9709-4357-A400-9A589F5AA883}"
EndProject
Project("{8BC9CEB8-8B4A-11D0-8D11-00A0C91BC942}") = "NOD_Ex11", "NOD_Ex11\NOD_Ex11.vcxproj", "{EF8536B6-AD16-482D-9291-11BA1605857A}"
EndProject
Project("{8BC9CEB8-8B4A-11D0-8D11-00A0C91BC942}") = "BigPositiveNumber_Ex12", "BigPositiveNumber_Ex12\BigPositiveNumber_Ex12.vcxproj", "{9EC4CBE5-E184-4EBF-BD2A-010DC8D8AD72}"
EndProject
Project("{8BC9CEB8-8B4A-11D0-8D11-00A0C91BC942}") = "PrimeNumber_Ex13", "PrimeNumber_Ex13\PrimeNumber_Ex13.vcxproj", "{0F3263BB-5A5E-419C-A258-750DABFA422B}"
EndProject
Project("{8BC9CEB8-8B4A-11D0-8D11-00A0C91BC942}") = "SumOfTheDigitsOfANumber_Ex14", "SumOfTheDigitsOfANumber_Ex14\SumOfTheDigitsOfANumber_Ex14.vcxproj", "{996B6F11-89F9-478A-BCB0-B423F853258D}"
EndProject
Global
	GlobalSection(SolutionConfigurationPlatforms) = preSolution
		Debug|x64 = Debug|x64
		Debug|x86 = Debug|x86
		Release|x64 = Release|x64
		Release|x86 = Release|x86
	EndGlobalSection
	GlobalSection(ProjectConfigurationPlatforms) = postSolution
		{159380A1-9DD1-4D9C-B189-16D47B455B5A}.Debug|x64.ActiveCfg = Debug|x64
		{159380A1-9DD1-4D9C-B189-16D47B455B5A}.Debug|x64.Build.0 = Debug|x64
		{159380A1-9DD1-4D9C-B189-16D47B455B5A}.Debug|x86.ActiveCfg = Debug|Win32
		{159380A1-9DD1-4D9C-B189-16D47B455B5A}.Debug|x86.Build.0 = Debug|Win32
		{159380A1-9DD1-4D9C-B189-16D47B455B5A}.Release|x64.ActiveCfg = Release|x64
		{159380A1-9DD1-4D9C-B189-16D47B455B5A}.Release|x64.Build.0 = Release|x64
		{159380A1-9DD1-4D9C-B189-16D47B455B5A}.Release|x86.ActiveCfg = Release|Win32
		{159380A1-9DD1-4D9C-B189-16D47B455B5A}.Release|x86.Build.0 = Release|Win32
		{33EF805B-9711-4D28-8331-295657FB87A9}.Debug|x64.ActiveCfg = Debug|x64
		{33EF805B-9711-4D28-8331-295657FB87A9}.Debug|x64.Build.0 = Debug|x64
		{33EF805B-9711-4D28-8331-295657FB87A9}.Debug|x86.ActiveCfg = Debug|Win32
		{33EF805B-9711-4D28-8331-295657FB87A9}.Debug|x86.Build.0 = Debug|Win32
		{33EF805B-9711-4D28-8331-295657FB87A9}.Release|x64.ActiveCfg = Release|x64
		{33EF805B-9711-4D28-8331-295657FB87A9}.Release|x64.Build.0 = Release|x64
		{33EF805B-9711-4D28-8331-295657FB87A9}.Release|x86.ActiveCfg = Release|Win32
		{33EF805B-9711-4D28-8331-295657FB87A9}.Release|x86.Build.0 = Release|Win32
		{2F47F602-3FB6-4A29-81A6-D6DB6619DCAC}.Debug|x64.ActiveCfg = Debug|x64
		{2F47F602-3FB6-4A29-81A6-D6DB6619DCAC}.Debug|x64.Build.0 = Debug|x64
		{2F47F602-3FB6-4A29-81A6-D6DB6619DCAC}.Debug|x86.ActiveCfg = Debug|Win32
		{2F47F602-3FB6-4A29-81A6-D6DB6619DCAC}.Debug|x86.Build.0 = Debug|Win32
		{2F47F602-3FB6-4A29-81A6-D6DB6619DCAC}.Release|x64.ActiveCfg = Release|x64
		{2F47F602-3FB6-4A29-81A6-D6DB6619DCAC}.Release|x64.Build.0 = Release|x64
		{2F47F602-3FB6-4A29-81A6-D6DB6619DCAC}.Release|x86.ActiveCfg = Release|Win32
		{2F47F602-3FB6-4A29-81A6-D6DB6619DCAC}.Release|x86.Build.0 = Release|Win32
		{4502BA80-3788-4E0A-8209-6351BBB1DBD0}.Debug|x64.ActiveCfg = Debug|x64
		{4502BA80-3788-4E0A-8209-6351BBB1DBD0}.Debug|x64.Build.0 = Debug|x64
		{4502BA80-3788-4E0A-8209-6351BBB1DBD0}.Debug|x86.ActiveCfg = Debug|Win32
		{4502BA80-3788-4E0A-8209-6351BBB1DBD0}.Debug|x86.Build.0 = Debug|Win32
		{4502BA80-3788-4E0A-8209-6351BBB1DBD0}.Release|x64.ActiveCfg = Release|x64
		{4502BA80-3788-4E0A-8209-6351BBB1DBD0}.Release|x64.Build.0 = Release|x64
		{4502BA80-3788-4E0A-8209-6351BBB1DBD0}.Release|x86.ActiveCfg = Release|Win32
		{4502BA80-3788-4E0A-8209-6351BBB1DBD0}.Release|x86.Build.0 = Release|Win32
		{89642A76-4078-43F7-896B-A811512C5CC6}.Debug|x64.ActiveCfg = Debug|x64
		{89642A76-4078-43F7-896B-A811512C5CC6}.Debug|x64.Build.0 = Debug|x64
		{89642A76-4078-43F7-896B-A811512C5CC6}.Debug|x86.ActiveCfg = Debug|Win32
		{89642A76-4078-43F7-896B-A811512C5CC6}.Debug|x86.Build.0 = Debug|Win32
		{89642A76-4078-43F7-896B-A811512C5CC6}.Release|x64.ActiveCfg = Release|x64
		{89642A76-4078-43F7-896B-A811512C5CC6}.Release|x64.Build.0 = Release|x64
		{89642A76-4078-43F7-896B-A811512C5CC6}.Release|x86.ActiveCfg = Release|Win32
		{89642A76-4078-43F7-896B-A811512C5CC6}.Release|x86.Build.0 = Release|Win32
		{F0C7BC0A-568A-41F1-AF36-918324F75E1E}.Debug|x64.ActiveCfg = Debug|x64
		{F0C7BC0A-568A-41F1-AF36-918324F75E1E}.Debug|x64.Build.0 = Debug|x64
		{F0C7BC0A-568A-41F1-AF36-918324F75E1E}.Debug|x86.ActiveCfg = Debug|Win32
		{F0C7BC0A-568A-41F1-AF36-918324F75E1E}.Debug|x86.Build.0 = Debug|Win32
		{F0C7BC0A-568A-41F1-AF36-918324F75E1E}.Release|x64.ActiveCfg = Release|x64
		{F0C7BC0A-568A-41F1-AF36-918324F75E1E}.Release|x64.Build.0 = Release|x64
		{F0C7BC0A-568A-41F1-AF36-918324F75E1E}.Release|x86.ActiveCfg = Release|Win32
		{F0C7BC0A-568A-41F1-AF36-918324F75E1E}.Release|x86.Build.0 = Release|Win32
		{08A83A56-3200-4A4D-B491-FE5D69A1003B}.Debug|x64.ActiveCfg = Debug|x64
		{08A83A56-3200-4A4D-B491-FE5D69A1003B}.Debug|x64.Build.0 = Debug|x64
		{08A83A56-3200-4A4D-B491-FE5D69A1003B}.Debug|x86.ActiveCfg = Debug|Win32
		{08A83A56-3200-4A4D-B491-FE5D69A1003B}.Debug|x86.Build.0 = Debug|Win32
		{08A83A56-3200-4A4D-B491-FE5D69A1003B}.Release|x64.ActiveCfg = Release|x64
		{08A83A56-3200-4A4D-B491-FE5D69A1003B}.Release|x64.Build.0 = Release|x64
		{08A83A56-3200-4A4D-B491-FE5D69A1003B}.Release|x86.ActiveCfg = Release|Win32
		{08A83A56-3200-4A4D-B491-FE5D69A1003B}.Release|x86.Build.0 = Release|Win32
		{0BEDDA14-7E44-407A-83FC-A3C2B04F5203}.Debug|x64.ActiveCfg = Debug|x64
		{0BEDDA14-7E44-407A-83FC-A3C2B04F5203}.Debug|x64.Build.0 = Debug|x64
		{0BEDDA14-7E44-407A-83FC-A3C2B04F5203}.Debug|x86.ActiveCfg = Debug|Win32
		{0BEDDA14-7E44-407A-83FC-A3C2B04F5203}.Debug|x86.Build.0 = Debug|Win32
		{0BEDDA14-7E44-407A-83FC-A3C2B04F5203}.Release|x64.ActiveCfg = Release|x64
		{0BEDDA14-7E44-407A-83FC-A3C2B04F5203}.Release|x64.Build.0 = Release|x64
		{0BEDDA14-7E44-407A-83FC-A3C2B04F5203}.Release|x86.ActiveCfg = Release|Win32
		{0BEDDA14-7E44-407A-83FC-A3C2B04F5203}.Release|x86.Build.0 = Release|Win32
		{6B528771-8722-4C7D-ABAB-FE1013F62B5E}.Debug|x64.ActiveCfg = Debug|x64
		{6B528771-8722-4C7D-ABAB-FE1013F62B5E}.Debug|x64.Build.0 = Debug|x64
		{6B528771-8722-4C7D-ABAB-FE1013F62B5E}.Debug|x86.ActiveCfg = Debug|Win32
		{6B528771-8722-4C7D-ABAB-FE1013F62B5E}.Debug|x86.Build.0 = Debug|Win32
		{6B528771-8722-4C7D-ABAB-FE1013F62B5E}.Release|x64.ActiveCfg = Release|x64
		{6B528771-8722-4C7D-ABAB-FE1013F62B5E}.Release|x64.Build.0 = Release|x64
		{6B528771-8722-4C7D-ABAB-FE1013F62B5E}.Release|x86.ActiveCfg = Release|Win32
		{6B528771-8722-4C7D-ABAB-FE1013F62B5E}.Release|x86.Build.0 = Release|Win32
		{157ADFE0-9709-4357-A400-9A589F5AA883}.Debug|x64.ActiveCfg = Debug|x64
		{157ADFE0-9709-4357-A400-9A589F5AA883}.Debug|x64.Build.0 = Debug|x64
		{157ADFE0-9709-4357-A400-9A589F5AA883}.Debug|x86.ActiveCfg = Debug|Win32
		{157ADFE0-9709-4357-A400-9A589F5AA883}.Debug|x86.Build.0 = Debug|Win32
		{157ADFE0-9709-4357-A400-9A589F5AA883}.Release|x64.ActiveCfg = Release|x64
		{157ADFE0-9709-4357-A400-9A589F5AA883}.Release|x64.Build.0 = Release|x64
		{157ADFE0-9709-4357-A400-9A589F5AA883}.Release|x86.ActiveCfg = Release|Win32
		{157ADFE0-9709-4357-A400-9A589F5AA883}.Release|x86.Build.0 = Release|Win32
		{EF8536B6-AD16-482D-9291-11BA1605857A}.Debug|x64.ActiveCfg = Debug|x64
		{EF8536B6-AD16-482D-9291-11BA1605857A}.Debug|x64.Build.0 = Debug|x64
		{EF8536B6-AD16-482D-9291-11BA1605857A}.Debug|x86.ActiveCfg = Debug|Win32
		{EF8536B6-AD16-482D-9291-11BA1605857A}.Debug|x86.Build.0 = Debug|Win32
		{EF8536B6-AD16-482D-9291-11BA1605857A}.Release|x64.ActiveCfg = Release|x64
		{EF8536B6-AD16-482D-9291-11BA1605857A}.Release|x64.Build.0 = Release|x64
		{EF8536B6-AD16-482D-9291-11BA1605857A}.Release|x86.ActiveCfg = Release|Win32
		{EF8536B6-AD16-482D-9291-11BA1605857A}.Release|x86.Build.0 = Release|Win32
		{9EC4CBE5-E184-4EBF-BD2A-010DC8D8AD72}.Debug|x64.ActiveCfg = Debug|x64
		{9EC4CBE5-E184-4EBF-BD2A-010DC8D8AD72}.Debug|x64.Build.0 = Debug|x64
		{9EC4CBE5-E184-4EBF-BD2A-010DC8D8AD72}.Debug|x86.ActiveCfg = Debug|Win32
		{9EC4CBE5-E184-4EBF-BD2A-010DC8D8AD72}.Debug|x86.Build.0 = Debug|Win32
		{9EC4CBE5-E184-4EBF-BD2A-010DC8D8AD72}.Release|x64.ActiveCfg = Release|x64
		{9EC4CBE5-E184-4EBF-BD2A-010DC8D8AD72}.Release|x64.Build.0 = Release|x64
		{9EC4CBE5-E184-4EBF-BD2A-010DC8D8AD72}.Release|x86.ActiveCfg = Release|Win32
		{9EC4CBE5-E184-4EBF-BD2A-010DC8D8AD72}.Release|x86.Build.0 = Release|Win32
		{0F3263BB-5A5E-419C-A258-750DABFA422B}.Debug|x64.ActiveCfg = Debug|x64
		{0F3263BB-5A5E-419C-A258-750DABFA422B}.Debug|x64.Build.0 = Debug|x64
		{0F3263BB-5A5E-419C-A258-750DABFA422B}.Debug|x86.ActiveCfg = Debug|Win32
		{0F3263BB-5A5E-419C-A258-750DABFA422B}.Debug|x86.Build.0 = Debug|Win32
		{0F3263BB-5A5E-419C-A258-750DABFA422B}.Release|x64.ActiveCfg = Release|x64
		{0F3263BB-5A5E-419C-A258-750DABFA422B}.Release|x64.Build.0 = Release|x64
		{0F3263BB-5A5E-419C-A258-750DABFA422B}.Release|x86.ActiveCfg = Release|Win32
		{0F3263BB-5A5E-419C-A258-750DABFA422B}.Release|x86.Build.0 = Release|Win32
		{996B6F11-89F9-478A-BCB0-B423F853258D}.Debug|x64.ActiveCfg = Debug|x64
		{996B6F11-89F9-478A-BCB0-B423F853258D}.Debug|x64.Build.0 = Debug|x64
		{996B6F11-89F9-478A-BCB0-B423F853258D}.Debug|x86.ActiveCfg = Debug|Win32
		{996B6F11-89F9-478A-BCB0-B423F853258D}.Debug|x86.Build.0 = Debug|Win32
		{996B6F11-89F9-478A-BCB0-B423F853258D}.Release|x64.ActiveCfg = Release|x64
		{996B6F11-89F9-478A-BCB0-B423F853258D}.Release|x64.Build.0 = Release|x64
		{996B6F11-89F9-478A-BCB0-B423F853258D}.Release|x86.ActiveCfg = Release|Win32
		{996B6F11-89F9-478A-BCB0-B423F853258D}.Release|x86.Build.0 = Release|Win32
	EndGlobalSection
	GlobalSection(SolutionProperties) = preSolution
		HideSolutionNode = FALSE
	EndGlobalSection
	GlobalSection(ExtensibilityGlobals) = postSolution
		SolutionGuid = {E548B78E-995D-4ADD-81FE-DC427344F131}
	EndGlobalSection
EndGlobal
