
Microsoft Visual Studio Solution File, Format Version 12.00
# Visual Studio Version 17
VisualStudioVersion = 17.9.34723.18
MinimumVisualStudioVersion = 10.0.40219.1
Project("{8BC9CEB8-8B4A-11D0-8D11-00A0C91BC942}") = "Sem.06_Ex1", "Sem.06_Ex1\Sem.06_Ex1.vcxproj", "{D076A67C-3FE2-4F45-9A45-53C564EB6723}"
EndProject
Project("{8BC9CEB8-8B4A-11D0-8D11-00A0C91BC942}") = "Sem.06_Ex2", "Sem.06_Ex2\Sem.06_Ex2.vcxproj", "{958B140D-8BB1-41F1-935D-77F7A4BB9D1B}"
EndProject
Project("{8BC9CEB8-8B4A-11D0-8D11-00A0C91BC942}") = "Sem.06_Ex3", "Sem.06_Ex3\Sem.06_Ex3.vcxproj", "{DCA8F7BC-5774-49ED-9039-08859587C949}"
EndProject
Project("{8BC9CEB8-8B4A-11D0-8D11-00A0C91BC942}") = "Sem.06_Ex4", "Sem.06_Ex4\Sem.06_Ex4.vcxproj", "{159A4B56-F829-49D1-A8D2-DC58B8380B98}"
EndProject
Project("{8BC9CEB8-8B4A-11D0-8D11-00A0C91BC942}") = "Sem.06_Ex5", "Sem.06_Ex5\Sem.06_Ex5.vcxproj", "{D1C7F70B-AEBF-43C0-B0D6-001351594F6B}"
EndProject
Project("{8BC9CEB8-8B4A-11D0-8D11-00A0C91BC942}") = "Sem.06_Ex6", "Sem.06_Ex6\Sem.06_Ex6.vcxproj", "{C96913C6-C5FB-4C33-8608-BCF77FF6FE09}"
EndProject
Project("{8BC9CEB8-8B4A-11D0-8D11-00A0C91BC942}") = "Sem.06_Ex7_SieveOfEratosthenes", "ConsoleApplication1\ConsoleApplication1.vcxproj", "{1B17E3FE-D2A3-4A88-907E-98BC7CE04F1B}"
EndProject
Project("{8BC9CEB8-8B4A-11D0-8D11-00A0C91BC942}") = "Sem.06_Ex8_ReverseArray", "Sem.06_Ex8_ReverseArray\Sem.06_Ex8_ReverseArray.vcxproj", "{D576D387-9844-410C-86C2-8B8B44AA46BE}"
EndProject
Project("{8BC9CEB8-8B4A-11D0-8D11-00A0C91BC942}") = "Sem.06_Ex9_LinearSearch", "Sem.06_Ex9_LinearSearch\Sem.06_Ex9_LinearSearch.vcxproj", "{99B84295-5075-49B5-A29C-A38C70837CA9}"
EndProject
Project("{8BC9CEB8-8B4A-11D0-8D11-00A0C91BC942}") = "Sem.06_Ex10_PrintArray", "Sem.06_Ex10_PrintArray\Sem.06_Ex10_PrintArray.vcxproj", "{891555A5-D541-425C-BAC3-D13C291A7D76}"
EndProject
Project("{8BC9CEB8-8B4A-11D0-8D11-00A0C91BC942}") = "HW.06_Ex1_GenerateSubsets", "HW.06_Ex1_GenerateSubsets\HW.06_Ex1_GenerateSubsets.vcxproj", "{BBD07F7E-840C-4105-8D2C-D9BF4D78BEB9}"
EndProject
Global
	GlobalSection(SolutionConfigurationPlatforms) = preSolution
		Debug|x64 = Debug|x64
		Debug|x86 = Debug|x86
		Release|x64 = Release|x64
		Release|x86 = Release|x86
	EndGlobalSection
	GlobalSection(ProjectConfigurationPlatforms) = postSolution
		{D076A67C-3FE2-4F45-9A45-53C564EB6723}.Debug|x64.ActiveCfg = Debug|x64
		{D076A67C-3FE2-4F45-9A45-53C564EB6723}.Debug|x64.Build.0 = Debug|x64
		{D076A67C-3FE2-4F45-9A45-53C564EB6723}.Debug|x86.ActiveCfg = Debug|Win32
		{D076A67C-3FE2-4F45-9A45-53C564EB6723}.Debug|x86.Build.0 = Debug|Win32
		{D076A67C-3FE2-4F45-9A45-53C564EB6723}.Release|x64.ActiveCfg = Release|x64
		{D076A67C-3FE2-4F45-9A45-53C564EB6723}.Release|x64.Build.0 = Release|x64
		{D076A67C-3FE2-4F45-9A45-53C564EB6723}.Release|x86.ActiveCfg = Release|Win32
		{D076A67C-3FE2-4F45-9A45-53C564EB6723}.Release|x86.Build.0 = Release|Win32
		{958B140D-8BB1-41F1-935D-77F7A4BB9D1B}.Debug|x64.ActiveCfg = Debug|x64
		{958B140D-8BB1-41F1-935D-77F7A4BB9D1B}.Debug|x64.Build.0 = Debug|x64
		{958B140D-8BB1-41F1-935D-77F7A4BB9D1B}.Debug|x86.ActiveCfg = Debug|Win32
		{958B140D-8BB1-41F1-935D-77F7A4BB9D1B}.Debug|x86.Build.0 = Debug|Win32
		{958B140D-8BB1-41F1-935D-77F7A4BB9D1B}.Release|x64.ActiveCfg = Release|x64
		{958B140D-8BB1-41F1-935D-77F7A4BB9D1B}.Release|x64.Build.0 = Release|x64
		{958B140D-8BB1-41F1-935D-77F7A4BB9D1B}.Release|x86.ActiveCfg = Release|Win32
		{958B140D-8BB1-41F1-935D-77F7A4BB9D1B}.Release|x86.Build.0 = Release|Win32
		{DCA8F7BC-5774-49ED-9039-08859587C949}.Debug|x64.ActiveCfg = Debug|x64
		{DCA8F7BC-5774-49ED-9039-08859587C949}.Debug|x64.Build.0 = Debug|x64
		{DCA8F7BC-5774-49ED-9039-08859587C949}.Debug|x86.ActiveCfg = Debug|Win32
		{DCA8F7BC-5774-49ED-9039-08859587C949}.Debug|x86.Build.0 = Debug|Win32
		{DCA8F7BC-5774-49ED-9039-08859587C949}.Release|x64.ActiveCfg = Release|x64
		{DCA8F7BC-5774-49ED-9039-08859587C949}.Release|x64.Build.0 = Release|x64
		{DCA8F7BC-5774-49ED-9039-08859587C949}.Release|x86.ActiveCfg = Release|Win32
		{DCA8F7BC-5774-49ED-9039-08859587C949}.Release|x86.Build.0 = Release|Win32
		{159A4B56-F829-49D1-A8D2-DC58B8380B98}.Debug|x64.ActiveCfg = Debug|x64
		{159A4B56-F829-49D1-A8D2-DC58B8380B98}.Debug|x64.Build.0 = Debug|x64
		{159A4B56-F829-49D1-A8D2-DC58B8380B98}.Debug|x86.ActiveCfg = Debug|Win32
		{159A4B56-F829-49D1-A8D2-DC58B8380B98}.Debug|x86.Build.0 = Debug|Win32
		{159A4B56-F829-49D1-A8D2-DC58B8380B98}.Release|x64.ActiveCfg = Release|x64
		{159A4B56-F829-49D1-A8D2-DC58B8380B98}.Release|x64.Build.0 = Release|x64
		{159A4B56-F829-49D1-A8D2-DC58B8380B98}.Release|x86.ActiveCfg = Release|Win32
		{159A4B56-F829-49D1-A8D2-DC58B8380B98}.Release|x86.Build.0 = Release|Win32
		{D1C7F70B-AEBF-43C0-B0D6-001351594F6B}.Debug|x64.ActiveCfg = Debug|x64
		{D1C7F70B-AEBF-43C0-B0D6-001351594F6B}.Debug|x64.Build.0 = Debug|x64
		{D1C7F70B-AEBF-43C0-B0D6-001351594F6B}.Debug|x86.ActiveCfg = Debug|Win32
		{D1C7F70B-AEBF-43C0-B0D6-001351594F6B}.Debug|x86.Build.0 = Debug|Win32
		{D1C7F70B-AEBF-43C0-B0D6-001351594F6B}.Release|x64.ActiveCfg = Release|x64
		{D1C7F70B-AEBF-43C0-B0D6-001351594F6B}.Release|x64.Build.0 = Release|x64
		{D1C7F70B-AEBF-43C0-B0D6-001351594F6B}.Release|x86.ActiveCfg = Release|Win32
		{D1C7F70B-AEBF-43C0-B0D6-001351594F6B}.Release|x86.Build.0 = Release|Win32
		{C96913C6-C5FB-4C33-8608-BCF77FF6FE09}.Debug|x64.ActiveCfg = Debug|x64
		{C96913C6-C5FB-4C33-8608-BCF77FF6FE09}.Debug|x64.Build.0 = Debug|x64
		{C96913C6-C5FB-4C33-8608-BCF77FF6FE09}.Debug|x86.ActiveCfg = Debug|Win32
		{C96913C6-C5FB-4C33-8608-BCF77FF6FE09}.Debug|x86.Build.0 = Debug|Win32
		{C96913C6-C5FB-4C33-8608-BCF77FF6FE09}.Release|x64.ActiveCfg = Release|x64
		{C96913C6-C5FB-4C33-8608-BCF77FF6FE09}.Release|x64.Build.0 = Release|x64
		{C96913C6-C5FB-4C33-8608-BCF77FF6FE09}.Release|x86.ActiveCfg = Release|Win32
		{C96913C6-C5FB-4C33-8608-BCF77FF6FE09}.Release|x86.Build.0 = Release|Win32
		{1B17E3FE-D2A3-4A88-907E-98BC7CE04F1B}.Debug|x64.ActiveCfg = Debug|x64
		{1B17E3FE-D2A3-4A88-907E-98BC7CE04F1B}.Debug|x64.Build.0 = Debug|x64
		{1B17E3FE-D2A3-4A88-907E-98BC7CE04F1B}.Debug|x86.ActiveCfg = Debug|Win32
		{1B17E3FE-D2A3-4A88-907E-98BC7CE04F1B}.Debug|x86.Build.0 = Debug|Win32
		{1B17E3FE-D2A3-4A88-907E-98BC7CE04F1B}.Release|x64.ActiveCfg = Release|x64
		{1B17E3FE-D2A3-4A88-907E-98BC7CE04F1B}.Release|x64.Build.0 = Release|x64
		{1B17E3FE-D2A3-4A88-907E-98BC7CE04F1B}.Release|x86.ActiveCfg = Release|Win32
		{1B17E3FE-D2A3-4A88-907E-98BC7CE04F1B}.Release|x86.Build.0 = Release|Win32
		{D576D387-9844-410C-86C2-8B8B44AA46BE}.Debug|x64.ActiveCfg = Debug|x64
		{D576D387-9844-410C-86C2-8B8B44AA46BE}.Debug|x64.Build.0 = Debug|x64
		{D576D387-9844-410C-86C2-8B8B44AA46BE}.Debug|x86.ActiveCfg = Debug|Win32
		{D576D387-9844-410C-86C2-8B8B44AA46BE}.Debug|x86.Build.0 = Debug|Win32
		{D576D387-9844-410C-86C2-8B8B44AA46BE}.Release|x64.ActiveCfg = Release|x64
		{D576D387-9844-410C-86C2-8B8B44AA46BE}.Release|x64.Build.0 = Release|x64
		{D576D387-9844-410C-86C2-8B8B44AA46BE}.Release|x86.ActiveCfg = Release|Win32
		{D576D387-9844-410C-86C2-8B8B44AA46BE}.Release|x86.Build.0 = Release|Win32
		{99B84295-5075-49B5-A29C-A38C70837CA9}.Debug|x64.ActiveCfg = Debug|x64
		{99B84295-5075-49B5-A29C-A38C70837CA9}.Debug|x64.Build.0 = Debug|x64
		{99B84295-5075-49B5-A29C-A38C70837CA9}.Debug|x86.ActiveCfg = Debug|Win32
		{99B84295-5075-49B5-A29C-A38C70837CA9}.Debug|x86.Build.0 = Debug|Win32
		{99B84295-5075-49B5-A29C-A38C70837CA9}.Release|x64.ActiveCfg = Release|x64
		{99B84295-5075-49B5-A29C-A38C70837CA9}.Release|x64.Build.0 = Release|x64
		{99B84295-5075-49B5-A29C-A38C70837CA9}.Release|x86.ActiveCfg = Release|Win32
		{99B84295-5075-49B5-A29C-A38C70837CA9}.Release|x86.Build.0 = Release|Win32
		{891555A5-D541-425C-BAC3-D13C291A7D76}.Debug|x64.ActiveCfg = Debug|x64
		{891555A5-D541-425C-BAC3-D13C291A7D76}.Debug|x64.Build.0 = Debug|x64
		{891555A5-D541-425C-BAC3-D13C291A7D76}.Debug|x86.ActiveCfg = Debug|Win32
		{891555A5-D541-425C-BAC3-D13C291A7D76}.Debug|x86.Build.0 = Debug|Win32
		{891555A5-D541-425C-BAC3-D13C291A7D76}.Release|x64.ActiveCfg = Release|x64
		{891555A5-D541-425C-BAC3-D13C291A7D76}.Release|x64.Build.0 = Release|x64
		{891555A5-D541-425C-BAC3-D13C291A7D76}.Release|x86.ActiveCfg = Release|Win32
		{891555A5-D541-425C-BAC3-D13C291A7D76}.Release|x86.Build.0 = Release|Win32
		{BBD07F7E-840C-4105-8D2C-D9BF4D78BEB9}.Debug|x64.ActiveCfg = Debug|x64
		{BBD07F7E-840C-4105-8D2C-D9BF4D78BEB9}.Debug|x64.Build.0 = Debug|x64
		{BBD07F7E-840C-4105-8D2C-D9BF4D78BEB9}.Debug|x86.ActiveCfg = Debug|Win32
		{BBD07F7E-840C-4105-8D2C-D9BF4D78BEB9}.Debug|x86.Build.0 = Debug|Win32
		{BBD07F7E-840C-4105-8D2C-D9BF4D78BEB9}.Release|x64.ActiveCfg = Release|x64
		{BBD07F7E-840C-4105-8D2C-D9BF4D78BEB9}.Release|x64.Build.0 = Release|x64
		{BBD07F7E-840C-4105-8D2C-D9BF4D78BEB9}.Release|x86.ActiveCfg = Release|Win32
		{BBD07F7E-840C-4105-8D2C-D9BF4D78BEB9}.Release|x86.Build.0 = Release|Win32
	EndGlobalSection
	GlobalSection(SolutionProperties) = preSolution
		HideSolutionNode = FALSE
	EndGlobalSection
	GlobalSection(ExtensibilityGlobals) = postSolution
		SolutionGuid = {9F01B8FD-4F67-42D3-90A6-1186AD33F710}
	EndGlobalSection
EndGlobal
