
Microsoft Visual Studio Solution File, Format Version 12.00
# Visual Studio Version 17
VisualStudioVersion = 17.9.34723.18
MinimumVisualStudioVersion = 10.0.40219.1
Project("{8BC9CEB8-8B4A-11D0-8D11-00A0C91BC942}") = "Sem.04_Ex1", "Sem.04_Ex1\Sem.04_Ex1.vcxproj", "{7D164721-7B3F-4A31-A619-6BC9FDF38A72}"
EndProject
Project("{8BC9CEB8-8B4A-11D0-8D11-00A0C91BC942}") = "Sem.04_Ex2", "Sem.04_Ex2\Sem.04_Ex2.vcxproj", "{343DB87E-C213-43AB-A7AB-EF2EFEEE0348}"
EndProject
Project("{8BC9CEB8-8B4A-11D0-8D11-00A0C91BC942}") = "Sem.04_Ex3", "Sem.04_Ex3\Sem.04_Ex3.vcxproj", "{7546B97A-EC7E-4015-BB64-E6848B0F63DE}"
EndProject
Project("{8BC9CEB8-8B4A-11D0-8D11-00A0C91BC942}") = "Sem.04_Ex4", "Sem.04_Ex4\Sem.04_Ex4.vcxproj", "{16C179DB-8951-47CA-AB60-86D6A262589F}"
EndProject
Project("{8BC9CEB8-8B4A-11D0-8D11-00A0C91BC942}") = "Sem.04_Ex5", "Sem.04_Ex5\Sem.04_Ex5.vcxproj", "{A2AB6328-3F19-4A00-8627-DDC6BF14C955}"
EndProject
Project("{8BC9CEB8-8B4A-11D0-8D11-00A0C91BC942}") = "Sem.04_Ex6", "Sem.04_Ex6\Sem.04_Ex6.vcxproj", "{138E2D87-79A3-422B-8224-EBD7A65D69C7}"
EndProject
Project("{8BC9CEB8-8B4A-11D0-8D11-00A0C91BC942}") = "Sem.04_Ex7", "Sem.04_Ex7\Sem.04_Ex7.vcxproj", "{8B0EC856-CFAA-427D-A8A4-C4E1A5504420}"
EndProject
Project("{8BC9CEB8-8B4A-11D0-8D11-00A0C91BC942}") = "Sem.04_Ex8", "Sem.04_Ex8\Sem.04_Ex8.vcxproj", "{CAF701FF-2D14-47AF-AE04-47F59515A19C}"
EndProject
Project("{8BC9CEB8-8B4A-11D0-8D11-00A0C91BC942}") = "Sem.04_Ex9", "Sem.04_Ex9\Sem.04_Ex9.vcxproj", "{86A8E580-C9BB-4748-9A9B-AE59BB717D08}"
EndProject
Project("{8BC9CEB8-8B4A-11D0-8D11-00A0C91BC942}") = "HW.4_Ex1", "HW.4_Ex1\HW.4_Ex1.vcxproj", "{7527B769-8B16-49CE-8331-F4A890D1AE79}"
EndProject
Project("{8BC9CEB8-8B4A-11D0-8D11-00A0C91BC942}") = "HW.4_Ex2", "HW.4_Ex2\HW.4_Ex2.vcxproj", "{E3EDF631-6D5E-43E3-8D27-561689629F2C}"
EndProject
Project("{8BC9CEB8-8B4A-11D0-8D11-00A0C91BC942}") = "HW.4_Ex3", "HW.4_Ex3\HW.4_Ex3.vcxproj", "{46AE1117-E79F-4841-A0F2-E02FEAD80C2A}"
EndProject
Project("{8BC9CEB8-8B4A-11D0-8D11-00A0C91BC942}") = "HW.04_Ex4", "HW.04_Ex4\HW.04_Ex4.vcxproj", "{1149ABE1-CC6C-4FAC-A89D-59CCD02C99FD}"
EndProject
Project("{8BC9CEB8-8B4A-11D0-8D11-00A0C91BC942}") = "HW.04_Ex5", "HW.04_Ex5\HW.04_Ex5.vcxproj", "{367AEE19-DEE9-49E2-BA38-F6B33180EB10}"
EndProject
Project("{8BC9CEB8-8B4A-11D0-8D11-00A0C91BC942}") = "HW.04_Ex6", "HW.04_Ex6\HW.04_Ex6.vcxproj", "{519E7832-ADAC-499E-9CDB-7BDC6FAB954B}"
EndProject
Project("{8BC9CEB8-8B4A-11D0-8D11-00A0C91BC942}") = "HW.04_Ex7", "HW.04_Ex7\HW.04_Ex7.vcxproj", "{871576FB-E23E-4A3A-A747-35536F407DF7}"
EndProject
Project("{8BC9CEB8-8B4A-11D0-8D11-00A0C91BC942}") = "HW.04_Ex8", "HW.04_Ex8\HW.04_Ex8.vcxproj", "{903EDE3A-62D8-431E-83D0-63CE2EA00BE6}"
EndProject
Project("{8BC9CEB8-8B4A-11D0-8D11-00A0C91BC942}") = "HW.04_Ex9", "HW.04_Ex9\HW.04_Ex9.vcxproj", "{D1F0FB76-63EA-4542-AE7C-993FB3379521}"
EndProject
Project("{8BC9CEB8-8B4A-11D0-8D11-00A0C91BC942}") = "HW.04_Ex10", "HW.04_Ex10\HW.04_Ex10.vcxproj", "{69F1DE9C-8389-4C33-88CE-EE906959B534}"
EndProject
Project("{8BC9CEB8-8B4A-11D0-8D11-00A0C91BC942}") = "HW.04_Ex11", "HW.04_Ex11\HW.04_Ex11.vcxproj", "{5E076330-156D-47DF-A942-60EA340B211C}"
EndProject
Project("{8BC9CEB8-8B4A-11D0-8D11-00A0C91BC942}") = "HW.04_Ex12", "HW.04_Ex12\HW.04_Ex12.vcxproj", "{DB4201A8-20A6-4E40-BE69-07BDDB8ADB31}"
EndProject
Global
	GlobalSection(SolutionConfigurationPlatforms) = preSolution
		Debug|x64 = Debug|x64
		Debug|x86 = Debug|x86
		Release|x64 = Release|x64
		Release|x86 = Release|x86
	EndGlobalSection
	GlobalSection(ProjectConfigurationPlatforms) = postSolution
		{7D164721-7B3F-4A31-A619-6BC9FDF38A72}.Debug|x64.ActiveCfg = Debug|x64
		{7D164721-7B3F-4A31-A619-6BC9FDF38A72}.Debug|x64.Build.0 = Debug|x64
		{7D164721-7B3F-4A31-A619-6BC9FDF38A72}.Debug|x86.ActiveCfg = Debug|Win32
		{7D164721-7B3F-4A31-A619-6BC9FDF38A72}.Debug|x86.Build.0 = Debug|Win32
		{7D164721-7B3F-4A31-A619-6BC9FDF38A72}.Release|x64.ActiveCfg = Release|x64
		{7D164721-7B3F-4A31-A619-6BC9FDF38A72}.Release|x64.Build.0 = Release|x64
		{7D164721-7B3F-4A31-A619-6BC9FDF38A72}.Release|x86.ActiveCfg = Release|Win32
		{7D164721-7B3F-4A31-A619-6BC9FDF38A72}.Release|x86.Build.0 = Release|Win32
		{343DB87E-C213-43AB-A7AB-EF2EFEEE0348}.Debug|x64.ActiveCfg = Debug|x64
		{343DB87E-C213-43AB-A7AB-EF2EFEEE0348}.Debug|x64.Build.0 = Debug|x64
		{343DB87E-C213-43AB-A7AB-EF2EFEEE0348}.Debug|x86.ActiveCfg = Debug|Win32
		{343DB87E-C213-43AB-A7AB-EF2EFEEE0348}.Debug|x86.Build.0 = Debug|Win32
		{343DB87E-C213-43AB-A7AB-EF2EFEEE0348}.Release|x64.ActiveCfg = Release|x64
		{343DB87E-C213-43AB-A7AB-EF2EFEEE0348}.Release|x64.Build.0 = Release|x64
		{343DB87E-C213-43AB-A7AB-EF2EFEEE0348}.Release|x86.ActiveCfg = Release|Win32
		{343DB87E-C213-43AB-A7AB-EF2EFEEE0348}.Release|x86.Build.0 = Release|Win32
		{7546B97A-EC7E-4015-BB64-E6848B0F63DE}.Debug|x64.ActiveCfg = Debug|x64
		{7546B97A-EC7E-4015-BB64-E6848B0F63DE}.Debug|x64.Build.0 = Debug|x64
		{7546B97A-EC7E-4015-BB64-E6848B0F63DE}.Debug|x86.ActiveCfg = Debug|Win32
		{7546B97A-EC7E-4015-BB64-E6848B0F63DE}.Debug|x86.Build.0 = Debug|Win32
		{7546B97A-EC7E-4015-BB64-E6848B0F63DE}.Release|x64.ActiveCfg = Release|x64
		{7546B97A-EC7E-4015-BB64-E6848B0F63DE}.Release|x64.Build.0 = Release|x64
		{7546B97A-EC7E-4015-BB64-E6848B0F63DE}.Release|x86.ActiveCfg = Release|Win32
		{7546B97A-EC7E-4015-BB64-E6848B0F63DE}.Release|x86.Build.0 = Release|Win32
		{16C179DB-8951-47CA-AB60-86D6A262589F}.Debug|x64.ActiveCfg = Debug|x64
		{16C179DB-8951-47CA-AB60-86D6A262589F}.Debug|x64.Build.0 = Debug|x64
		{16C179DB-8951-47CA-AB60-86D6A262589F}.Debug|x86.ActiveCfg = Debug|Win32
		{16C179DB-8951-47CA-AB60-86D6A262589F}.Debug|x86.Build.0 = Debug|Win32
		{16C179DB-8951-47CA-AB60-86D6A262589F}.Release|x64.ActiveCfg = Release|x64
		{16C179DB-8951-47CA-AB60-86D6A262589F}.Release|x64.Build.0 = Release|x64
		{16C179DB-8951-47CA-AB60-86D6A262589F}.Release|x86.ActiveCfg = Release|Win32
		{16C179DB-8951-47CA-AB60-86D6A262589F}.Release|x86.Build.0 = Release|Win32
		{A2AB6328-3F19-4A00-8627-DDC6BF14C955}.Debug|x64.ActiveCfg = Debug|x64
		{A2AB6328-3F19-4A00-8627-DDC6BF14C955}.Debug|x64.Build.0 = Debug|x64
		{A2AB6328-3F19-4A00-8627-DDC6BF14C955}.Debug|x86.ActiveCfg = Debug|Win32
		{A2AB6328-3F19-4A00-8627-DDC6BF14C955}.Debug|x86.Build.0 = Debug|Win32
		{A2AB6328-3F19-4A00-8627-DDC6BF14C955}.Release|x64.ActiveCfg = Release|x64
		{A2AB6328-3F19-4A00-8627-DDC6BF14C955}.Release|x64.Build.0 = Release|x64
		{A2AB6328-3F19-4A00-8627-DDC6BF14C955}.Release|x86.ActiveCfg = Release|Win32
		{A2AB6328-3F19-4A00-8627-DDC6BF14C955}.Release|x86.Build.0 = Release|Win32
		{138E2D87-79A3-422B-8224-EBD7A65D69C7}.Debug|x64.ActiveCfg = Debug|x64
		{138E2D87-79A3-422B-8224-EBD7A65D69C7}.Debug|x64.Build.0 = Debug|x64
		{138E2D87-79A3-422B-8224-EBD7A65D69C7}.Debug|x86.ActiveCfg = Debug|Win32
		{138E2D87-79A3-422B-8224-EBD7A65D69C7}.Debug|x86.Build.0 = Debug|Win32
		{138E2D87-79A3-422B-8224-EBD7A65D69C7}.Release|x64.ActiveCfg = Release|x64
		{138E2D87-79A3-422B-8224-EBD7A65D69C7}.Release|x64.Build.0 = Release|x64
		{138E2D87-79A3-422B-8224-EBD7A65D69C7}.Release|x86.ActiveCfg = Release|Win32
		{138E2D87-79A3-422B-8224-EBD7A65D69C7}.Release|x86.Build.0 = Release|Win32
		{8B0EC856-CFAA-427D-A8A4-C4E1A5504420}.Debug|x64.ActiveCfg = Debug|x64
		{8B0EC856-CFAA-427D-A8A4-C4E1A5504420}.Debug|x64.Build.0 = Debug|x64
		{8B0EC856-CFAA-427D-A8A4-C4E1A5504420}.Debug|x86.ActiveCfg = Debug|Win32
		{8B0EC856-CFAA-427D-A8A4-C4E1A5504420}.Debug|x86.Build.0 = Debug|Win32
		{8B0EC856-CFAA-427D-A8A4-C4E1A5504420}.Release|x64.ActiveCfg = Release|x64
		{8B0EC856-CFAA-427D-A8A4-C4E1A5504420}.Release|x64.Build.0 = Release|x64
		{8B0EC856-CFAA-427D-A8A4-C4E1A5504420}.Release|x86.ActiveCfg = Release|Win32
		{8B0EC856-CFAA-427D-A8A4-C4E1A5504420}.Release|x86.Build.0 = Release|Win32
		{CAF701FF-2D14-47AF-AE04-47F59515A19C}.Debug|x64.ActiveCfg = Debug|x64
		{CAF701FF-2D14-47AF-AE04-47F59515A19C}.Debug|x64.Build.0 = Debug|x64
		{CAF701FF-2D14-47AF-AE04-47F59515A19C}.Debug|x86.ActiveCfg = Debug|Win32
		{CAF701FF-2D14-47AF-AE04-47F59515A19C}.Debug|x86.Build.0 = Debug|Win32
		{CAF701FF-2D14-47AF-AE04-47F59515A19C}.Release|x64.ActiveCfg = Release|x64
		{CAF701FF-2D14-47AF-AE04-47F59515A19C}.Release|x64.Build.0 = Release|x64
		{CAF701FF-2D14-47AF-AE04-47F59515A19C}.Release|x86.ActiveCfg = Release|Win32
		{CAF701FF-2D14-47AF-AE04-47F59515A19C}.Release|x86.Build.0 = Release|Win32
		{86A8E580-C9BB-4748-9A9B-AE59BB717D08}.Debug|x64.ActiveCfg = Debug|x64
		{86A8E580-C9BB-4748-9A9B-AE59BB717D08}.Debug|x64.Build.0 = Debug|x64
		{86A8E580-C9BB-4748-9A9B-AE59BB717D08}.Debug|x86.ActiveCfg = Debug|Win32
		{86A8E580-C9BB-4748-9A9B-AE59BB717D08}.Debug|x86.Build.0 = Debug|Win32
		{86A8E580-C9BB-4748-9A9B-AE59BB717D08}.Release|x64.ActiveCfg = Release|x64
		{86A8E580-C9BB-4748-9A9B-AE59BB717D08}.Release|x64.Build.0 = Release|x64
		{86A8E580-C9BB-4748-9A9B-AE59BB717D08}.Release|x86.ActiveCfg = Release|Win32
		{86A8E580-C9BB-4748-9A9B-AE59BB717D08}.Release|x86.Build.0 = Release|Win32
		{7527B769-8B16-49CE-8331-F4A890D1AE79}.Debug|x64.ActiveCfg = Debug|x64
		{7527B769-8B16-49CE-8331-F4A890D1AE79}.Debug|x64.Build.0 = Debug|x64
		{7527B769-8B16-49CE-8331-F4A890D1AE79}.Debug|x86.ActiveCfg = Debug|Win32
		{7527B769-8B16-49CE-8331-F4A890D1AE79}.Debug|x86.Build.0 = Debug|Win32
		{7527B769-8B16-49CE-8331-F4A890D1AE79}.Release|x64.ActiveCfg = Release|x64
		{7527B769-8B16-49CE-8331-F4A890D1AE79}.Release|x64.Build.0 = Release|x64
		{7527B769-8B16-49CE-8331-F4A890D1AE79}.Release|x86.ActiveCfg = Release|Win32
		{7527B769-8B16-49CE-8331-F4A890D1AE79}.Release|x86.Build.0 = Release|Win32
		{E3EDF631-6D5E-43E3-8D27-561689629F2C}.Debug|x64.ActiveCfg = Debug|x64
		{E3EDF631-6D5E-43E3-8D27-561689629F2C}.Debug|x64.Build.0 = Debug|x64
		{E3EDF631-6D5E-43E3-8D27-561689629F2C}.Debug|x86.ActiveCfg = Debug|Win32
		{E3EDF631-6D5E-43E3-8D27-561689629F2C}.Debug|x86.Build.0 = Debug|Win32
		{E3EDF631-6D5E-43E3-8D27-561689629F2C}.Release|x64.ActiveCfg = Release|x64
		{E3EDF631-6D5E-43E3-8D27-561689629F2C}.Release|x64.Build.0 = Release|x64
		{E3EDF631-6D5E-43E3-8D27-561689629F2C}.Release|x86.ActiveCfg = Release|Win32
		{E3EDF631-6D5E-43E3-8D27-561689629F2C}.Release|x86.Build.0 = Release|Win32
		{46AE1117-E79F-4841-A0F2-E02FEAD80C2A}.Debug|x64.ActiveCfg = Debug|x64
		{46AE1117-E79F-4841-A0F2-E02FEAD80C2A}.Debug|x64.Build.0 = Debug|x64
		{46AE1117-E79F-4841-A0F2-E02FEAD80C2A}.Debug|x86.ActiveCfg = Debug|Win32
		{46AE1117-E79F-4841-A0F2-E02FEAD80C2A}.Debug|x86.Build.0 = Debug|Win32
		{46AE1117-E79F-4841-A0F2-E02FEAD80C2A}.Release|x64.ActiveCfg = Release|x64
		{46AE1117-E79F-4841-A0F2-E02FEAD80C2A}.Release|x64.Build.0 = Release|x64
		{46AE1117-E79F-4841-A0F2-E02FEAD80C2A}.Release|x86.ActiveCfg = Release|Win32
		{46AE1117-E79F-4841-A0F2-E02FEAD80C2A}.Release|x86.Build.0 = Release|Win32
		{1149ABE1-CC6C-4FAC-A89D-59CCD02C99FD}.Debug|x64.ActiveCfg = Debug|x64
		{1149ABE1-CC6C-4FAC-A89D-59CCD02C99FD}.Debug|x64.Build.0 = Debug|x64
		{1149ABE1-CC6C-4FAC-A89D-59CCD02C99FD}.Debug|x86.ActiveCfg = Debug|Win32
		{1149ABE1-CC6C-4FAC-A89D-59CCD02C99FD}.Debug|x86.Build.0 = Debug|Win32
		{1149ABE1-CC6C-4FAC-A89D-59CCD02C99FD}.Release|x64.ActiveCfg = Release|x64
		{1149ABE1-CC6C-4FAC-A89D-59CCD02C99FD}.Release|x64.Build.0 = Release|x64
		{1149ABE1-CC6C-4FAC-A89D-59CCD02C99FD}.Release|x86.ActiveCfg = Release|Win32
		{1149ABE1-CC6C-4FAC-A89D-59CCD02C99FD}.Release|x86.Build.0 = Release|Win32
		{367AEE19-DEE9-49E2-BA38-F6B33180EB10}.Debug|x64.ActiveCfg = Debug|x64
		{367AEE19-DEE9-49E2-BA38-F6B33180EB10}.Debug|x64.Build.0 = Debug|x64
		{367AEE19-DEE9-49E2-BA38-F6B33180EB10}.Debug|x86.ActiveCfg = Debug|Win32
		{367AEE19-DEE9-49E2-BA38-F6B33180EB10}.Debug|x86.Build.0 = Debug|Win32
		{367AEE19-DEE9-49E2-BA38-F6B33180EB10}.Release|x64.ActiveCfg = Release|x64
		{367AEE19-DEE9-49E2-BA38-F6B33180EB10}.Release|x64.Build.0 = Release|x64
		{367AEE19-DEE9-49E2-BA38-F6B33180EB10}.Release|x86.ActiveCfg = Release|Win32
		{367AEE19-DEE9-49E2-BA38-F6B33180EB10}.Release|x86.Build.0 = Release|Win32
		{519E7832-ADAC-499E-9CDB-7BDC6FAB954B}.Debug|x64.ActiveCfg = Debug|x64
		{519E7832-ADAC-499E-9CDB-7BDC6FAB954B}.Debug|x64.Build.0 = Debug|x64
		{519E7832-ADAC-499E-9CDB-7BDC6FAB954B}.Debug|x86.ActiveCfg = Debug|Win32
		{519E7832-ADAC-499E-9CDB-7BDC6FAB954B}.Debug|x86.Build.0 = Debug|Win32
		{519E7832-ADAC-499E-9CDB-7BDC6FAB954B}.Release|x64.ActiveCfg = Release|x64
		{519E7832-ADAC-499E-9CDB-7BDC6FAB954B}.Release|x64.Build.0 = Release|x64
		{519E7832-ADAC-499E-9CDB-7BDC6FAB954B}.Release|x86.ActiveCfg = Release|Win32
		{519E7832-ADAC-499E-9CDB-7BDC6FAB954B}.Release|x86.Build.0 = Release|Win32
		{871576FB-E23E-4A3A-A747-35536F407DF7}.Debug|x64.ActiveCfg = Debug|x64
		{871576FB-E23E-4A3A-A747-35536F407DF7}.Debug|x64.Build.0 = Debug|x64
		{871576FB-E23E-4A3A-A747-35536F407DF7}.Debug|x86.ActiveCfg = Debug|Win32
		{871576FB-E23E-4A3A-A747-35536F407DF7}.Debug|x86.Build.0 = Debug|Win32
		{871576FB-E23E-4A3A-A747-35536F407DF7}.Release|x64.ActiveCfg = Release|x64
		{871576FB-E23E-4A3A-A747-35536F407DF7}.Release|x64.Build.0 = Release|x64
		{871576FB-E23E-4A3A-A747-35536F407DF7}.Release|x86.ActiveCfg = Release|Win32
		{871576FB-E23E-4A3A-A747-35536F407DF7}.Release|x86.Build.0 = Release|Win32
		{903EDE3A-62D8-431E-83D0-63CE2EA00BE6}.Debug|x64.ActiveCfg = Debug|x64
		{903EDE3A-62D8-431E-83D0-63CE2EA00BE6}.Debug|x64.Build.0 = Debug|x64
		{903EDE3A-62D8-431E-83D0-63CE2EA00BE6}.Debug|x86.ActiveCfg = Debug|Win32
		{903EDE3A-62D8-431E-83D0-63CE2EA00BE6}.Debug|x86.Build.0 = Debug|Win32
		{903EDE3A-62D8-431E-83D0-63CE2EA00BE6}.Release|x64.ActiveCfg = Release|x64
		{903EDE3A-62D8-431E-83D0-63CE2EA00BE6}.Release|x64.Build.0 = Release|x64
		{903EDE3A-62D8-431E-83D0-63CE2EA00BE6}.Release|x86.ActiveCfg = Release|Win32
		{903EDE3A-62D8-431E-83D0-63CE2EA00BE6}.Release|x86.Build.0 = Release|Win32
		{D1F0FB76-63EA-4542-AE7C-993FB3379521}.Debug|x64.ActiveCfg = Debug|x64
		{D1F0FB76-63EA-4542-AE7C-993FB3379521}.Debug|x64.Build.0 = Debug|x64
		{D1F0FB76-63EA-4542-AE7C-993FB3379521}.Debug|x86.ActiveCfg = Debug|Win32
		{D1F0FB76-63EA-4542-AE7C-993FB3379521}.Debug|x86.Build.0 = Debug|Win32
		{D1F0FB76-63EA-4542-AE7C-993FB3379521}.Release|x64.ActiveCfg = Release|x64
		{D1F0FB76-63EA-4542-AE7C-993FB3379521}.Release|x64.Build.0 = Release|x64
		{D1F0FB76-63EA-4542-AE7C-993FB3379521}.Release|x86.ActiveCfg = Release|Win32
		{D1F0FB76-63EA-4542-AE7C-993FB3379521}.Release|x86.Build.0 = Release|Win32
		{69F1DE9C-8389-4C33-88CE-EE906959B534}.Debug|x64.ActiveCfg = Debug|x64
		{69F1DE9C-8389-4C33-88CE-EE906959B534}.Debug|x64.Build.0 = Debug|x64
		{69F1DE9C-8389-4C33-88CE-EE906959B534}.Debug|x86.ActiveCfg = Debug|Win32
		{69F1DE9C-8389-4C33-88CE-EE906959B534}.Debug|x86.Build.0 = Debug|Win32
		{69F1DE9C-8389-4C33-88CE-EE906959B534}.Release|x64.ActiveCfg = Release|x64
		{69F1DE9C-8389-4C33-88CE-EE906959B534}.Release|x64.Build.0 = Release|x64
		{69F1DE9C-8389-4C33-88CE-EE906959B534}.Release|x86.ActiveCfg = Release|Win32
		{69F1DE9C-8389-4C33-88CE-EE906959B534}.Release|x86.Build.0 = Release|Win32
		{5E076330-156D-47DF-A942-60EA340B211C}.Debug|x64.ActiveCfg = Debug|x64
		{5E076330-156D-47DF-A942-60EA340B211C}.Debug|x64.Build.0 = Debug|x64
		{5E076330-156D-47DF-A942-60EA340B211C}.Debug|x86.ActiveCfg = Debug|Win32
		{5E076330-156D-47DF-A942-60EA340B211C}.Debug|x86.Build.0 = Debug|Win32
		{5E076330-156D-47DF-A942-60EA340B211C}.Release|x64.ActiveCfg = Release|x64
		{5E076330-156D-47DF-A942-60EA340B211C}.Release|x64.Build.0 = Release|x64
		{5E076330-156D-47DF-A942-60EA340B211C}.Release|x86.ActiveCfg = Release|Win32
		{5E076330-156D-47DF-A942-60EA340B211C}.Release|x86.Build.0 = Release|Win32
		{DB4201A8-20A6-4E40-BE69-07BDDB8ADB31}.Debug|x64.ActiveCfg = Debug|x64
		{DB4201A8-20A6-4E40-BE69-07BDDB8ADB31}.Debug|x64.Build.0 = Debug|x64
		{DB4201A8-20A6-4E40-BE69-07BDDB8ADB31}.Debug|x86.ActiveCfg = Debug|Win32
		{DB4201A8-20A6-4E40-BE69-07BDDB8ADB31}.Debug|x86.Build.0 = Debug|Win32
		{DB4201A8-20A6-4E40-BE69-07BDDB8ADB31}.Release|x64.ActiveCfg = Release|x64
		{DB4201A8-20A6-4E40-BE69-07BDDB8ADB31}.Release|x64.Build.0 = Release|x64
		{DB4201A8-20A6-4E40-BE69-07BDDB8ADB31}.Release|x86.ActiveCfg = Release|Win32
		{DB4201A8-20A6-4E40-BE69-07BDDB8ADB31}.Release|x86.Build.0 = Release|Win32
	EndGlobalSection
	GlobalSection(SolutionProperties) = preSolution
		HideSolutionNode = FALSE
	EndGlobalSection
	GlobalSection(ExtensibilityGlobals) = postSolution
		SolutionGuid = {11C80900-9C65-467C-9766-E029DD523FA3}
	EndGlobalSection
EndGlobal
