
Microsoft Visual Studio Solution File, Format Version 12.00
# Visual Studio Version 17
VisualStudioVersion = 17.9.34723.18
MinimumVisualStudioVersion = 10.0.40219.1
Project("{8BC9CEB8-8B4A-11D0-8D11-00A0C91BC942}") = "Sem.14_Ex1", "Sem.14_Ex1\Sem.14_Ex1.vcxproj", "{31173FCE-FA57-4A11-BEFC-0CCB191938DE}"
EndProject
Project("{8BC9CEB8-8B4A-11D0-8D11-00A0C91BC942}") = "Sem.14_Ex2", "Sem.14_Ex2\Sem.14_Ex2.vcxproj", "{320ED4E9-73A6-42F7-BC0B-BBC94AFCC028}"
EndProject
Project("{8BC9CEB8-8B4A-11D0-8D11-00A0C91BC942}") = "Sem.14_Ex3", "Sem.14_Ex3\Sem.14_Ex3.vcxproj", "{25595BE2-B5BC-40F8-A47D-B11B392811CD}"
EndProject
Project("{8BC9CEB8-8B4A-11D0-8D11-00A0C91BC942}") = "Sem.14_Ex4", "Sem.14_Ex4\Sem.14_Ex4.vcxproj", "{B6E807FC-700D-4D97-ADBA-7F58469E3FB3}"
EndProject
Project("{8BC9CEB8-8B4A-11D0-8D11-00A0C91BC942}") = "Sem.14_Ex5", "Sem.14_Ex5\Sem.14_Ex5.vcxproj", "{4C4ADA86-7CEC-47BB-881B-094E646E9B6B}"
EndProject
Project("{8BC9CEB8-8B4A-11D0-8D11-00A0C91BC942}") = "Sem.14_Ex6", "Sem.14_Ex6\Sem.14_Ex6.vcxproj", "{8EC4F0FF-DFA4-4DCA-8CF2-C1BD2C32BC4D}"
EndProject
Project("{8BC9CEB8-8B4A-11D0-8D11-00A0C91BC942}") = "Sem.14_Ex7_FastPower", "Sem.14_Ex7_FastPower\Sem.14_Ex7_FastPower.vcxproj", "{0A663188-CD7D-4C49-9AFD-3B8F519E6A31}"
EndProject
Project("{8BC9CEB8-8B4A-11D0-8D11-00A0C91BC942}") = "Sem.14_Ex8", "Sem.14_Ex8\Sem.14_Ex8.vcxproj", "{1D235F24-0CD3-46A7-ADC7-643AECC902C8}"
EndProject
Project("{8BC9CEB8-8B4A-11D0-8D11-00A0C91BC942}") = "Sem.14_Ex9", "Sem.14_Ex9\Sem.14_Ex9.vcxproj", "{FF843419-844F-46C7-AB3A-91F6344DCD5A}"
EndProject
Project("{8BC9CEB8-8B4A-11D0-8D11-00A0C91BC942}") = "Sem.14_Ex10", "Sem.14_Ex10\Sem.14_Ex10.vcxproj", "{7A485CD5-4295-4CA6-8978-050A0F7E2CA5}"
EndProject
Project("{8BC9CEB8-8B4A-11D0-8D11-00A0C91BC942}") = "Sem.14_Ex11", "Sem.14_Ex11\Sem.14_Ex11.vcxproj", "{6DDBE479-105F-40D7-BA0B-FCC936A549BD}"
EndProject
Project("{8BC9CEB8-8B4A-11D0-8D11-00A0C91BC942}") = "Sem.14_Ex12", "Sem.14_Ex12\Sem.14_Ex12.vcxproj", "{779BDB3A-6DC1-4422-B920-E90364E37235}"
EndProject
Global
	GlobalSection(SolutionConfigurationPlatforms) = preSolution
		Debug|x64 = Debug|x64
		Debug|x86 = Debug|x86
		Release|x64 = Release|x64
		Release|x86 = Release|x86
	EndGlobalSection
	GlobalSection(ProjectConfigurationPlatforms) = postSolution
		{31173FCE-FA57-4A11-BEFC-0CCB191938DE}.Debug|x64.ActiveCfg = Debug|x64
		{31173FCE-FA57-4A11-BEFC-0CCB191938DE}.Debug|x64.Build.0 = Debug|x64
		{31173FCE-FA57-4A11-BEFC-0CCB191938DE}.Debug|x86.ActiveCfg = Debug|Win32
		{31173FCE-FA57-4A11-BEFC-0CCB191938DE}.Debug|x86.Build.0 = Debug|Win32
		{31173FCE-FA57-4A11-BEFC-0CCB191938DE}.Release|x64.ActiveCfg = Release|x64
		{31173FCE-FA57-4A11-BEFC-0CCB191938DE}.Release|x64.Build.0 = Release|x64
		{31173FCE-FA57-4A11-BEFC-0CCB191938DE}.Release|x86.ActiveCfg = Release|Win32
		{31173FCE-FA57-4A11-BEFC-0CCB191938DE}.Release|x86.Build.0 = Release|Win32
		{320ED4E9-73A6-42F7-BC0B-BBC94AFCC028}.Debug|x64.ActiveCfg = Debug|x64
		{320ED4E9-73A6-42F7-BC0B-BBC94AFCC028}.Debug|x64.Build.0 = Debug|x64
		{320ED4E9-73A6-42F7-BC0B-BBC94AFCC028}.Debug|x86.ActiveCfg = Debug|Win32
		{320ED4E9-73A6-42F7-BC0B-BBC94AFCC028}.Debug|x86.Build.0 = Debug|Win32
		{320ED4E9-73A6-42F7-BC0B-BBC94AFCC028}.Release|x64.ActiveCfg = Release|x64
		{320ED4E9-73A6-42F7-BC0B-BBC94AFCC028}.Release|x64.Build.0 = Release|x64
		{320ED4E9-73A6-42F7-BC0B-BBC94AFCC028}.Release|x86.ActiveCfg = Release|Win32
		{320ED4E9-73A6-42F7-BC0B-BBC94AFCC028}.Release|x86.Build.0 = Release|Win32
		{25595BE2-B5BC-40F8-A47D-B11B392811CD}.Debug|x64.ActiveCfg = Debug|x64
		{25595BE2-B5BC-40F8-A47D-B11B392811CD}.Debug|x64.Build.0 = Debug|x64
		{25595BE2-B5BC-40F8-A47D-B11B392811CD}.Debug|x86.ActiveCfg = Debug|Win32
		{25595BE2-B5BC-40F8-A47D-B11B392811CD}.Debug|x86.Build.0 = Debug|Win32
		{25595BE2-B5BC-40F8-A47D-B11B392811CD}.Release|x64.ActiveCfg = Release|x64
		{25595BE2-B5BC-40F8-A47D-B11B392811CD}.Release|x64.Build.0 = Release|x64
		{25595BE2-B5BC-40F8-A47D-B11B392811CD}.Release|x86.ActiveCfg = Release|Win32
		{25595BE2-B5BC-40F8-A47D-B11B392811CD}.Release|x86.Build.0 = Release|Win32
		{B6E807FC-700D-4D97-ADBA-7F58469E3FB3}.Debug|x64.ActiveCfg = Debug|x64
		{B6E807FC-700D-4D97-ADBA-7F58469E3FB3}.Debug|x64.Build.0 = Debug|x64
		{B6E807FC-700D-4D97-ADBA-7F58469E3FB3}.Debug|x86.ActiveCfg = Debug|Win32
		{B6E807FC-700D-4D97-ADBA-7F58469E3FB3}.Debug|x86.Build.0 = Debug|Win32
		{B6E807FC-700D-4D97-ADBA-7F58469E3FB3}.Release|x64.ActiveCfg = Release|x64
		{B6E807FC-700D-4D97-ADBA-7F58469E3FB3}.Release|x64.Build.0 = Release|x64
		{B6E807FC-700D-4D97-ADBA-7F58469E3FB3}.Release|x86.ActiveCfg = Release|Win32
		{B6E807FC-700D-4D97-ADBA-7F58469E3FB3}.Release|x86.Build.0 = Release|Win32
		{4C4ADA86-7CEC-47BB-881B-094E646E9B6B}.Debug|x64.ActiveCfg = Debug|x64
		{4C4ADA86-7CEC-47BB-881B-094E646E9B6B}.Debug|x64.Build.0 = Debug|x64
		{4C4ADA86-7CEC-47BB-881B-094E646E9B6B}.Debug|x86.ActiveCfg = Debug|Win32
		{4C4ADA86-7CEC-47BB-881B-094E646E9B6B}.Debug|x86.Build.0 = Debug|Win32
		{4C4ADA86-7CEC-47BB-881B-094E646E9B6B}.Release|x64.ActiveCfg = Release|x64
		{4C4ADA86-7CEC-47BB-881B-094E646E9B6B}.Release|x64.Build.0 = Release|x64
		{4C4ADA86-7CEC-47BB-881B-094E646E9B6B}.Release|x86.ActiveCfg = Release|Win32
		{4C4ADA86-7CEC-47BB-881B-094E646E9B6B}.Release|x86.Build.0 = Release|Win32
		{8EC4F0FF-DFA4-4DCA-8CF2-C1BD2C32BC4D}.Debug|x64.ActiveCfg = Debug|x64
		{8EC4F0FF-DFA4-4DCA-8CF2-C1BD2C32BC4D}.Debug|x64.Build.0 = Debug|x64
		{8EC4F0FF-DFA4-4DCA-8CF2-C1BD2C32BC4D}.Debug|x86.ActiveCfg = Debug|Win32
		{8EC4F0FF-DFA4-4DCA-8CF2-C1BD2C32BC4D}.Debug|x86.Build.0 = Debug|Win32
		{8EC4F0FF-DFA4-4DCA-8CF2-C1BD2C32BC4D}.Release|x64.ActiveCfg = Release|x64
		{8EC4F0FF-DFA4-4DCA-8CF2-C1BD2C32BC4D}.Release|x64.Build.0 = Release|x64
		{8EC4F0FF-DFA4-4DCA-8CF2-C1BD2C32BC4D}.Release|x86.ActiveCfg = Release|Win32
		{8EC4F0FF-DFA4-4DCA-8CF2-C1BD2C32BC4D}.Release|x86.Build.0 = Release|Win32
		{0A663188-CD7D-4C49-9AFD-3B8F519E6A31}.Debug|x64.ActiveCfg = Debug|x64
		{0A663188-CD7D-4C49-9AFD-3B8F519E6A31}.Debug|x64.Build.0 = Debug|x64
		{0A663188-CD7D-4C49-9AFD-3B8F519E6A31}.Debug|x86.ActiveCfg = Debug|Win32
		{0A663188-CD7D-4C49-9AFD-3B8F519E6A31}.Debug|x86.Build.0 = Debug|Win32
		{0A663188-CD7D-4C49-9AFD-3B8F519E6A31}.Release|x64.ActiveCfg = Release|x64
		{0A663188-CD7D-4C49-9AFD-3B8F519E6A31}.Release|x64.Build.0 = Release|x64
		{0A663188-CD7D-4C49-9AFD-3B8F519E6A31}.Release|x86.ActiveCfg = Release|Win32
		{0A663188-CD7D-4C49-9AFD-3B8F519E6A31}.Release|x86.Build.0 = Release|Win32
		{1D235F24-0CD3-46A7-ADC7-643AECC902C8}.Debug|x64.ActiveCfg = Debug|x64
		{1D235F24-0CD3-46A7-ADC7-643AECC902C8}.Debug|x64.Build.0 = Debug|x64
		{1D235F24-0CD3-46A7-ADC7-643AECC902C8}.Debug|x86.ActiveCfg = Debug|Win32
		{1D235F24-0CD3-46A7-ADC7-643AECC902C8}.Debug|x86.Build.0 = Debug|Win32
		{1D235F24-0CD3-46A7-ADC7-643AECC902C8}.Release|x64.ActiveCfg = Release|x64
		{1D235F24-0CD3-46A7-ADC7-643AECC902C8}.Release|x64.Build.0 = Release|x64
		{1D235F24-0CD3-46A7-ADC7-643AECC902C8}.Release|x86.ActiveCfg = Release|Win32
		{1D235F24-0CD3-46A7-ADC7-643AECC902C8}.Release|x86.Build.0 = Release|Win32
		{FF843419-844F-46C7-AB3A-91F6344DCD5A}.Debug|x64.ActiveCfg = Debug|x64
		{FF843419-844F-46C7-AB3A-91F6344DCD5A}.Debug|x64.Build.0 = Debug|x64
		{FF843419-844F-46C7-AB3A-91F6344DCD5A}.Debug|x86.ActiveCfg = Debug|Win32
		{FF843419-844F-46C7-AB3A-91F6344DCD5A}.Debug|x86.Build.0 = Debug|Win32
		{FF843419-844F-46C7-AB3A-91F6344DCD5A}.Release|x64.ActiveCfg = Release|x64
		{FF843419-844F-46C7-AB3A-91F6344DCD5A}.Release|x64.Build.0 = Release|x64
		{FF843419-844F-46C7-AB3A-91F6344DCD5A}.Release|x86.ActiveCfg = Release|Win32
		{FF843419-844F-46C7-AB3A-91F6344DCD5A}.Release|x86.Build.0 = Release|Win32
		{7A485CD5-4295-4CA6-8978-050A0F7E2CA5}.Debug|x64.ActiveCfg = Debug|x64
		{7A485CD5-4295-4CA6-8978-050A0F7E2CA5}.Debug|x64.Build.0 = Debug|x64
		{7A485CD5-4295-4CA6-8978-050A0F7E2CA5}.Debug|x86.ActiveCfg = Debug|Win32
		{7A485CD5-4295-4CA6-8978-050A0F7E2CA5}.Debug|x86.Build.0 = Debug|Win32
		{7A485CD5-4295-4CA6-8978-050A0F7E2CA5}.Release|x64.ActiveCfg = Release|x64
		{7A485CD5-4295-4CA6-8978-050A0F7E2CA5}.Release|x64.Build.0 = Release|x64
		{7A485CD5-4295-4CA6-8978-050A0F7E2CA5}.Release|x86.ActiveCfg = Release|Win32
		{7A485CD5-4295-4CA6-8978-050A0F7E2CA5}.Release|x86.Build.0 = Release|Win32
		{6DDBE479-105F-40D7-BA0B-FCC936A549BD}.Debug|x64.ActiveCfg = Debug|x64
		{6DDBE479-105F-40D7-BA0B-FCC936A549BD}.Debug|x64.Build.0 = Debug|x64
		{6DDBE479-105F-40D7-BA0B-FCC936A549BD}.Debug|x86.ActiveCfg = Debug|Win32
		{6DDBE479-105F-40D7-BA0B-FCC936A549BD}.Debug|x86.Build.0 = Debug|Win32
		{6DDBE479-105F-40D7-BA0B-FCC936A549BD}.Release|x64.ActiveCfg = Release|x64
		{6DDBE479-105F-40D7-BA0B-FCC936A549BD}.Release|x64.Build.0 = Release|x64
		{6DDBE479-105F-40D7-BA0B-FCC936A549BD}.Release|x86.ActiveCfg = Release|Win32
		{6DDBE479-105F-40D7-BA0B-FCC936A549BD}.Release|x86.Build.0 = Release|Win32
		{779BDB3A-6DC1-4422-B920-E90364E37235}.Debug|x64.ActiveCfg = Debug|x64
		{779BDB3A-6DC1-4422-B920-E90364E37235}.Debug|x64.Build.0 = Debug|x64
		{779BDB3A-6DC1-4422-B920-E90364E37235}.Debug|x86.ActiveCfg = Debug|Win32
		{779BDB3A-6DC1-4422-B920-E90364E37235}.Debug|x86.Build.0 = Debug|Win32
		{779BDB3A-6DC1-4422-B920-E90364E37235}.Release|x64.ActiveCfg = Release|x64
		{779BDB3A-6DC1-4422-B920-E90364E37235}.Release|x64.Build.0 = Release|x64
		{779BDB3A-6DC1-4422-B920-E90364E37235}.Release|x86.ActiveCfg = Release|Win32
		{779BDB3A-6DC1-4422-B920-E90364E37235}.Release|x86.Build.0 = Release|Win32
	EndGlobalSection
	GlobalSection(SolutionProperties) = preSolution
		HideSolutionNode = FALSE
	EndGlobalSection
	GlobalSection(ExtensibilityGlobals) = postSolution
		SolutionGuid = {E6B21E96-DC16-4280-8528-F62458004E76}
	EndGlobalSection
EndGlobal
